
Microsoft Visual Studio Solution File, Format Version 12.00
# Visual Studio Express 14 for Windows Desktop
VisualStudioVersion = 14.0.25123.0
MinimumVisualStudioVersion = 10.0.40219.1
Project("{FAE04EC0-301F-11D3-BF4B-00C04F79EFBC}") = "SimpleDependency", "SimpleDependency\SimpleDependency.csproj", "{4B36D9C0-E690-49B5-87BC-3C665BCF5C8E}"
EndProject
Project("{FAE04EC0-301F-11D3-BF4B-00C04F79EFBC}") = "MessagePrinter", "MessagePrinter\MessagePrinter.csproj", "{48F39E48-60EF-49BA-87BD-4AE87BB75395}"
EndProject
Project("{FAE04EC0-301F-11D3-BF4B-00C04F79EFBC}") = "RecursionLoop", "RecursionLoop\RecursionLoop.csproj", "{B6C6A054-7DA7-48FE-89EA-F25DDA58ECAD}"
EndProject
Project("{FAE04EC0-301F-11D3-BF4B-00C04F79EFBC}") = "NewObject", "NewObject\NewObject.csproj", "{88B3A975-2570-4402-91C8-9FABD59822C7}"
EndProject
Global
	GlobalSection(SolutionConfigurationPlatforms) = preSolution
		Debug|Any CPU = Debug|Any CPU
		Release|Any CPU = Release|Any CPU
	EndGlobalSection
	GlobalSection(ProjectConfigurationPlatforms) = postSolution
		{4B36D9C0-E690-49B5-87BC-3C665BCF5C8E}.Debug|Any CPU.ActiveCfg = Debug|Any CPU
		{4B36D9C0-E690-49B5-87BC-3C665BCF5C8E}.Debug|Any CPU.Build.0 = Debug|Any CPU
		{4B36D9C0-E690-49B5-87BC-3C665BCF5C8E}.Release|Any CPU.ActiveCfg = Release|Any CPU
		{4B36D9C0-E690-49B5-87BC-3C665BCF5C8E}.Release|Any CPU.Build.0 = Release|Any CPU
		{48F39E48-60EF-49BA-87BD-4AE87BB75395}.Debug|Any CPU.ActiveCfg = Debug|Any CPU
		{48F39E48-60EF-49BA-87BD-4AE87BB75395}.Debug|Any CPU.Build.0 = Debug|Any CPU
		{48F39E48-60EF-49BA-87BD-4AE87BB75395}.Release|Any CPU.ActiveCfg = Release|Any CPU
		{48F39E48-60EF-49BA-87BD-4AE87BB75395}.Release|Any CPU.Build.0 = Release|Any CPU
		{B6C6A054-7DA7-48FE-89EA-F25DDA58ECAD}.Debug|Any CPU.ActiveCfg = Debug|Any CPU
		{B6C6A054-7DA7-48FE-89EA-F25DDA58ECAD}.Debug|Any CPU.Build.0 = Debug|Any CPU
		{B6C6A054-7DA7-48FE-89EA-F25DDA58ECAD}.Release|Any CPU.ActiveCfg = Release|Any CPU
		{B6C6A054-7DA7-48FE-89EA-F25DDA58ECAD}.Release|Any CPU.Build.0 = Release|Any CPU
		{88B3A975-2570-4402-91C8-9FABD59822C7}.Debug|Any CPU.ActiveCfg = Debug|Any CPU
		{88B3A975-2570-4402-91C8-9FABD59822C7}.Debug|Any CPU.Build.0 = Debug|Any CPU
		{88B3A975-2570-4402-91C8-9FABD59822C7}.Release|Any CPU.ActiveCfg = Release|Any CPU
		{88B3A975-2570-4402-91C8-9FABD59822C7}.Release|Any CPU.Build.0 = Release|Any CPU
	EndGlobalSection
	GlobalSection(SolutionProperties) = preSolution
		HideSolutionNode = FALSE
	EndGlobalSection
EndGlobal
