
Microsoft Visual Studio Solution File, Format Version 12.00
# Visual Studio Express 14 for Windows Desktop
VisualStudioVersion = 14.0.25123.0
MinimumVisualStudioVersion = 10.0.40219.1
Project("{FAE04EC0-301F-11D3-BF4B-00C04F79EFBC}") = "ch3-interface-definition", "ch3-interface-definition\ch3-interface-definition.csproj", "{18FD36D6-04BE-4C29-88BE-CE029C1E957E}"
EndProject
Project("{FAE04EC0-301F-11D3-BF4B-00C04F79EFBC}") = "ch3-null-object-pattern", "ch3-null-object-pattern\ch3-null-object-pattern.csproj", "{BF2CEBAB-B116-4CDC-A0D5-FD5970C64ED3}"
EndProject
Project("{FAE04EC0-301F-11D3-BF4B-00C04F79EFBC}") = "ch3-adapter-pattern", "ch3-adapter-pattern\ch3-adapter-pattern.csproj", "{7C43B61F-8A5B-43D2-9614-BA0E22E4BD9F}"
EndProject
Project("{FAE04EC0-301F-11D3-BF4B-00C04F79EFBC}") = "ch3-object-adapter-pattern", "ch3-object-adapter-pattern\ch3-object-adapter-pattern.csproj", "{7F6F58C3-3070-4BB5-A7DA-870305F7C92C}"
EndProject
Global
	GlobalSection(SolutionConfigurationPlatforms) = preSolution
		Debug|Any CPU = Debug|Any CPU
		Release|Any CPU = Release|Any CPU
	EndGlobalSection
	GlobalSection(ProjectConfigurationPlatforms) = postSolution
		{18FD36D6-04BE-4C29-88BE-CE029C1E957E}.Debug|Any CPU.ActiveCfg = Debug|Any CPU
		{18FD36D6-04BE-4C29-88BE-CE029C1E957E}.Debug|Any CPU.Build.0 = Debug|Any CPU
		{18FD36D6-04BE-4C29-88BE-CE029C1E957E}.Release|Any CPU.ActiveCfg = Release|Any CPU
		{18FD36D6-04BE-4C29-88BE-CE029C1E957E}.Release|Any CPU.Build.0 = Release|Any CPU
		{BF2CEBAB-B116-4CDC-A0D5-FD5970C64ED3}.Debug|Any CPU.ActiveCfg = Debug|Any CPU
		{BF2CEBAB-B116-4CDC-A0D5-FD5970C64ED3}.Debug|Any CPU.Build.0 = Debug|Any CPU
		{BF2CEBAB-B116-4CDC-A0D5-FD5970C64ED3}.Release|Any CPU.ActiveCfg = Release|Any CPU
		{BF2CEBAB-B116-4CDC-A0D5-FD5970C64ED3}.Release|Any CPU.Build.0 = Release|Any CPU
		{7C43B61F-8A5B-43D2-9614-BA0E22E4BD9F}.Debug|Any CPU.ActiveCfg = Debug|Any CPU
		{7C43B61F-8A5B-43D2-9614-BA0E22E4BD9F}.Debug|Any CPU.Build.0 = Debug|Any CPU
		{7C43B61F-8A5B-43D2-9614-BA0E22E4BD9F}.Release|Any CPU.ActiveCfg = Release|Any CPU
		{7C43B61F-8A5B-43D2-9614-BA0E22E4BD9F}.Release|Any CPU.Build.0 = Release|Any CPU
		{7F6F58C3-3070-4BB5-A7DA-870305F7C92C}.Debug|Any CPU.ActiveCfg = Debug|Any CPU
		{7F6F58C3-3070-4BB5-A7DA-870305F7C92C}.Debug|Any CPU.Build.0 = Debug|Any CPU
		{7F6F58C3-3070-4BB5-A7DA-870305F7C92C}.Release|Any CPU.ActiveCfg = Release|Any CPU
		{7F6F58C3-3070-4BB5-A7DA-870305F7C92C}.Release|Any CPU.Build.0 = Release|Any CPU
	EndGlobalSection
	GlobalSection(SolutionProperties) = preSolution
		HideSolutionNode = FALSE
	EndGlobalSection
EndGlobal
